
Microsoft Visual Studio Solution File, Format Version 12.00
# Visual Studio Version 16
VisualStudioVersion = 16.0.31025.194
MinimumVisualStudioVersion = 10.0.40219.1
Project("{FAE04EC0-301F-11D3-BF4B-00C04F79EFBC}") = "INachalnick", "INachalnick\INachalnick.csproj", "{38A6D545-EAC6-45F1-8057-BF4E2418BCBE}"
EndProject
Global
	GlobalSection(SolutionConfigurationPlatforms) = preSolution
		Debug|Any CPU = Debug|Any CPU
		Release|Any CPU = Release|Any CPU
	EndGlobalSection
	GlobalSection(ProjectConfigurationPlatforms) = postSolution
		{38A6D545-EAC6-45F1-8057-BF4E2418BCBE}.Debug|Any CPU.ActiveCfg = Debug|Any CPU
		{38A6D545-EAC6-45F1-8057-BF4E2418BCBE}.Debug|Any CPU.Build.0 = Debug|Any CPU
		{38A6D545-EAC6-45F1-8057-BF4E2418BCBE}.Release|Any CPU.ActiveCfg = Release|Any CPU
		{38A6D545-EAC6-45F1-8057-BF4E2418BCBE}.Release|Any CPU.Build.0 = Release|Any CPU
	EndGlobalSection
	GlobalSection(SolutionProperties) = preSolution
		HideSolutionNode = FALSE
	EndGlobalSection
	GlobalSection(ExtensibilityGlobals) = postSolution
		SolutionGuid = {3984E7B0-FB71-480E-8B02-4CC4205E8A3A}
	EndGlobalSection
EndGlobal
